
Microsoft Visual Studio Solution File, Format Version 12.00
# Visual Studio Version 16
VisualStudioVersion = 16.0.29411.108
MinimumVisualStudioVersion = 10.0.40219.1
Project("{8BC9CEB8-8B4A-11D0-8D11-00A0C91BC942}") = "ООП_3", "ООП_3\ООП_3.vcxproj", "{ACBBDA3D-1FCE-46A4-B955-8CDCD17320FC}"
EndProject
Global
	GlobalSection(SolutionConfigurationPlatforms) = preSolution
		Debug|x64 = Debug|x64
		Debug|x86 = Debug|x86
		Release|x64 = Release|x64
		Release|x86 = Release|x86
	EndGlobalSection
	GlobalSection(ProjectConfigurationPlatforms) = postSolution
		{ACBBDA3D-1FCE-46A4-B955-8CDCD17320FC}.Debug|x64.ActiveCfg = Debug|x64
		{ACBBDA3D-1FCE-46A4-B955-8CDCD17320FC}.Debug|x64.Build.0 = Debug|x64
		{ACBBDA3D-1FCE-46A4-B955-8CDCD17320FC}.Debug|x86.ActiveCfg = Debug|Win32
		{ACBBDA3D-1FCE-46A4-B955-8CDCD17320FC}.Debug|x86.Build.0 = Debug|Win32
		{ACBBDA3D-1FCE-46A4-B955-8CDCD17320FC}.Release|x64.ActiveCfg = Release|x64
		{ACBBDA3D-1FCE-46A4-B955-8CDCD17320FC}.Release|x64.Build.0 = Release|x64
		{ACBBDA3D-1FCE-46A4-B955-8CDCD17320FC}.Release|x86.ActiveCfg = Release|Win32
		{ACBBDA3D-1FCE-46A4-B955-8CDCD17320FC}.Release|x86.Build.0 = Release|Win32
	EndGlobalSection
	GlobalSection(SolutionProperties) = preSolution
		HideSolutionNode = FALSE
	EndGlobalSection
	GlobalSection(ExtensibilityGlobals) = postSolution
		SolutionGuid = {DB7CCABB-C983-4A21-BFA3-94A32F724C18}
	EndGlobalSection
EndGlobal
